Microsoft Visual Studio Solution File, Format Version 11.00
# Visual Studio 2008

Project("{27E35B1C-AB7B-D400-9C3C-43016BCD7CAB}") = "digitalYoga", "Assembly-CSharp.csproj", "{7C595357-2229-9C24-648E-13E611EA594F}"
EndProject
Global
	GlobalSection(SolutionConfigurationPlatforms) = preSolution
		Debug|Any CPU = Debug|Any CPU
		Release|Any CPU = Release|Any CPU
	EndGlobalSection
	GlobalSection(ProjectConfigurationPlatforms) = postSolution
		{7C595357-2229-9C24-648E-13E611EA594F}.Debug|Any CPU.ActiveCfg = Debug|Any CPU
		{7C595357-2229-9C24-648E-13E611EA594F}.Debug|Any CPU.Build.0 = Debug|Any CPU
		{7C595357-2229-9C24-648E-13E611EA594F}.Release|Any CPU.ActiveCfg = Release|Any CPU
		{7C595357-2229-9C24-648E-13E611EA594F}.Release|Any CPU.Build.0 = Release|Any CPU
	EndGlobalSection
	GlobalSection(SolutionProperties) = preSolution
		HideSolutionNode = FALSE
	EndGlobalSection
	GlobalSection(MonoDevelopProperties) = preSolution
		StartupItem = Assembly-CSharp.csproj
	EndGlobalSection
EndGlobal
